
Microsoft Visual Studio Solution File, Format Version 12.00
# Visual Studio Version 16
VisualStudioVersion = 16.0.28803.352
MinimumVisualStudioVersion = 10.0.40219.1
Project("{F184B08F-C81C-45F6-A57F-5ABD9991F28F}") = "HSPI_NetCam", "HSPI_NetCam.vbproj", "{298685C7-0348-4693-858A-918149D72F0D}"
EndProject
Global
	GlobalSection(SolutionConfigurationPlatforms) = preSolution
		Debug|Any CPU = Debug|Any CPU
		Release|Any CPU = Release|Any CPU
	EndGlobalSection
	GlobalSection(ProjectConfigurationPlatforms) = postSolution
		{298685C7-0348-4693-858A-918149D72F0D}.Debug|Any CPU.ActiveCfg = Debug|Any CPU
		{298685C7-0348-4693-858A-918149D72F0D}.Debug|Any CPU.Build.0 = Debug|Any CPU
		{298685C7-0348-4693-858A-918149D72F0D}.Release|Any CPU.ActiveCfg = Release|Any CPU
		{298685C7-0348-4693-858A-918149D72F0D}.Release|Any CPU.Build.0 = Release|Any CPU
	EndGlobalSection
	GlobalSection(SolutionProperties) = preSolution
		HideSolutionNode = FALSE
	EndGlobalSection
	GlobalSection(ExtensibilityGlobals) = postSolution
		SolutionGuid = {29A01381-DA44-4FB2-90A5-6F3E7CD7456D}
	EndGlobalSection
EndGlobal
